
Microsoft Visual Studio Solution File, Format Version 12.00
# Visual Studio Version 17
VisualStudioVersion = 17.5.33530.505
MinimumVisualStudioVersion = 10.0.40219.1
Project("{FAE04EC0-301F-11D3-BF4B-00C04F79EFBC}") = "WebApplicationToDoList", "WebApplicationToDoList\WebApplicationToDoList.csproj", "{7E15C8AF-16C0-4A65-87B5-B7BA72FC3F83}"
EndProject
Global
	GlobalSection(SolutionConfigurationPlatforms) = preSolution
		Debug|Any CPU = Debug|Any CPU
		Release|Any CPU = Release|Any CPU
	EndGlobalSection
	GlobalSection(ProjectConfigurationPlatforms) = postSolution
		{7E15C8AF-16C0-4A65-87B5-B7BA72FC3F83}.Debug|Any CPU.ActiveCfg = Debug|Any CPU
		{7E15C8AF-16C0-4A65-87B5-B7BA72FC3F83}.Debug|Any CPU.Build.0 = Debug|Any CPU
		{7E15C8AF-16C0-4A65-87B5-B7BA72FC3F83}.Release|Any CPU.ActiveCfg = Release|Any CPU
		{7E15C8AF-16C0-4A65-87B5-B7BA72FC3F83}.Release|Any CPU.Build.0 = Release|Any CPU
	EndGlobalSection
	GlobalSection(SolutionProperties) = preSolution
		HideSolutionNode = FALSE
	EndGlobalSection
	GlobalSection(ExtensibilityGlobals) = postSolution
		SolutionGuid = {FFED0BF0-669C-43E4-A890-2B653BD6C7D5}
	EndGlobalSection
EndGlobal
